// !$*UTF8*$!
{
	archiveVersion = 1;
	classes = {
	};
	objectVersion = 46;
	objects = {

/* Begin PBXBuildFile section */
		E454CDC61D4C26AB007587B7 /* FlickrFetcher.m in Sources */ = {isa = PBXBuildFile; fileRef = E454CDC51D4C26AB007587B7 /* FlickrFetcher.m */; };
		E454CDC91D4C3930007587B7 /* ImageViewController.m in Sources */ = {isa = PBXBuildFile; fileRef = E454CDC81D4C3930007587B7 /* ImageViewController.m */; };
		E454CDCC1D4C8738007587B7 /* FlickrSplitViewController.m in Sources */ = {isa = PBXBuildFile; fileRef = E454CDCB1D4C8738007587B7 /* FlickrSplitViewController.m */; };
		E485E7AB1D477803000F7052 /* main.m in Sources */ = {isa = PBXBuildFile; fileRef = E485E7AA1D477803000F7052 /* main.m */; };
		E485E7AE1D477803000F7052 /* AppDelegate.m in Sources */ = {isa = PBXBuildFile; fileRef = E485E7AD1D477803000F7052 /* AppDelegate.m */; };
		E485E7B11D477803000F7052 /* ViewController.m in Sources */ = {isa = PBXBuildFile; fileRef = E485E7B01D477803000F7052 /* ViewController.m */; };
		E485E7B41D477803000F7052 /* Main.storyboard in Resources */ = {isa = PBXBuildFile; fileRef = E485E7B21D477803000F7052 /* Main.storyboard */; };
		E485E7B61D477803000F7052 /* Assets.xcassets in Resources */ = {isa = PBXBuildFile; fileRef = E485E7B51D477803000F7052 /* Assets.xcassets */; };
		E485E7B91D477803000F7052 /* LaunchScreen.storyboard in Resources */ = {isa = PBXBuildFile; fileRef = E485E7B71D477803000F7052 /* LaunchScreen.storyboard */; };
		E485E7C21D4778EE000F7052 /* FlickrPhotosTVC.m in Sources */ = {isa = PBXBuildFile; fileRef = E485E7C11D4778EE000F7052 /* FlickrPhotosTVC.m */; };
		E485E7C51D4779E8000F7052 /* JustPostedFlickrPhotosTVC.m in Sources */ = {isa = PBXBuildFile; fileRef = E485E7C41D4779E8000F7052 /* JustPostedFlickrPhotosTVC.m */; };
/* End PBXBuildFile section */

/* Begin PBXFileReference section */
		E454CDC31D4C26AB007587B7 /* FlickrAPIKey.h */ = {isa = PBXFileReference; fileEncoding = 4; lastKnownFileType = sourcecode.c.h; path = FlickrAPIKey.h; sourceTree = "<group>"; };
		E454CDC41D4C26AB007587B7 /* FlickrFetcher.h */ = {isa = PBXFileReference; fileEncoding = 4; lastKnownFileType = sourcecode.c.h; path = FlickrFetcher.h; sourceTree = "<group>"; };
		E454CDC51D4C26AB007587B7 /* FlickrFetcher.m */ = {isa = PBXFileReference; fileEncoding = 4; lastKnownFileType = sourcecode.c.objc; path = FlickrFetcher.m; sourceTree = "<group>"; };
		E454CDC71D4C3930007587B7 /* ImageViewController.h */ = {isa = PBXFileReference; fileEncoding = 4; lastKnownFileType = sourcecode.c.h; path = ImageViewController.h; sourceTree = "<group>"; };
		E454CDC81D4C3930007587B7 /* ImageViewController.m */ = {isa = PBXFileReference; fileEncoding = 4; lastKnownFileType = sourcecode.c.objc; path = ImageViewController.m; sourceTree = "<group>"; };
		E454CDCA1D4C8738007587B7 /* FlickrSplitViewController.h */ = {isa = PBXFileReference; fileEncoding = 4; lastKnownFileType = sourcecode.c.h; path = FlickrSplitViewController.h; sourceTree = "<group>"; };
		E454CDCB1D4C8738007587B7 /* FlickrSplitViewController.m */ = {isa = PBXFileReference; fileEncoding = 4; lastKnownFileType = sourcecode.c.objc; path = FlickrSplitViewController.m; sourceTree = "<group>"; };
		E485E7A61D477803000F7052 /* Shutterbug.app */ = {isa = PBXFileReference; explicitFileType = wrapper.application; includeInIndex = 0; path = Shutterbug.app; sourceTree = BUILT_PRODUCTS_DIR; };
		E485E7AA1D477803000F7052 /* main.m */ = {isa = PBXFileReference; lastKnownFileType = sourcecode.c.objc; path = main.m; sourceTree = "<group>"; };
		E485E7AC1D477803000F7052 /* AppDelegate.h */ = {isa = PBXFileReference; lastKnownFileType = sourcecode.c.h; path = AppDelegate.h; sourceTree = "<group>"; };
		E485E7AD1D477803000F7052 /* AppDelegate.m */ = {isa = PBXFileReference; lastKnownFileType = sourcecode.c.objc; path = AppDelegate.m; sourceTree = "<group>"; };
		E485E7AF1D477803000F7052 /* ViewController.h */ = {isa = PBXFileReference; lastKnownFileType = sourcecode.c.h; path = ViewController.h; sourceTree = "<group>"; };
		E485E7B01D477803000F7052 /* ViewController.m */ = {isa = PBXFileReference; lastKnownFileType = sourcecode.c.objc; path = ViewController.m; sourceTree = "<group>"; };
		E485E7B31D477803000F7052 /* Base */ = {isa = PBXFileReference; lastKnownFileType = file.storyboard; name = Base; path = Base.lproj/Main.storyboard; sourceTree = "<group>"; };
		E485E7B51D477803000F7052 /* Assets.xcassets */ = {isa = PBXFileReference; lastKnownFileType = folder.assetcatalog; path = Assets.xcassets; sourceTree = "<group>"; };
		E485E7B81D477803000F7052 /* Base */ = {isa = PBXFileReference; lastKnownFileType = file.storyboard; name = Base; path = Base.lproj/LaunchScreen.storyboard; sourceTree = "<group>"; };
		E485E7BA1D477803000F7052 /* Info.plist */ = {isa = PBXFileReference; lastKnownFileType = text.plist.xml; path = Info.plist; sourceTree = "<group>"; };
		E485E7C01D4778EE000F7052 /* FlickrPhotosTVC.h */ = {isa = PBXFileReference; fileEncoding = 4; lastKnownFileType = sourcecode.c.h; path = FlickrPhotosTVC.h; sourceTree = "<group>"; };
		E485E7C11D4778EE000F7052 /* FlickrPhotosTVC.m */ = {isa = PBXFileReference; fileEncoding = 4; lastKnownFileType = sourcecode.c.objc; path = FlickrPhotosTVC.m; sourceTree = "<group>"; };
		E485E7C31D4779E8000F7052 /* JustPostedFlickrPhotosTVC.h */ = {isa = PBXFileReference; fileEncoding = 4; lastKnownFileType = sourcecode.c.h; path = JustPostedFlickrPhotosTVC.h; sourceTree = "<group>"; };
		E485E7C41D4779E8000F7052 /* JustPostedFlickrPhotosTVC.m */ = {isa = PBXFileReference; fileEncoding = 4; lastKnownFileType = sourcecode.c.objc; path = JustPostedFlickrPhotosTVC.m; sourceTree = "<group>"; };
/* End PBXFileReference section */

/* Begin PBXFrameworksBuildPhase section */
		E485E7A31D477803000F7052 /* Frameworks */ = {
			isa = PBXFrameworksBuildPhase;
			buildActionMask = 2147483647;
			files = (
			);
			runOnlyForDeploymentPostprocessing = 0;
		};
/* End PBXFrameworksBuildPhase section */

/* Begin PBXGroup section */
		E454CDC21D4C26AB007587B7 /* Flickr Fetcher */ = {
			isa = PBXGroup;
			children = (
				E454CDC31D4C26AB007587B7 /* FlickrAPIKey.h */,
				E454CDC41D4C26AB007587B7 /* FlickrFetcher.h */,
				E454CDC51D4C26AB007587B7 /* FlickrFetcher.m */,
			);
			path = "Flickr Fetcher";
			sourceTree = "<group>";
		};
		E485E79D1D477802000F7052 = {
			isa = PBXGroup;
			children = (
				E485E7A81D477803000F7052 /* Shutterbug */,
				E485E7A71D477803000F7052 /* Products */,
			);
			sourceTree = "<group>";
		};
		E485E7A71D477803000F7052 /* Products */ = {
			isa = PBXGroup;
			children = (
				E485E7A61D477803000F7052 /* Shutterbug.app */,
			);
			name = Products;
			sourceTree = "<group>";
		};
		E485E7A81D477803000F7052 /* Shutterbug */ = {
			isa = PBXGroup;
			children = (
				E454CDC71D4C3930007587B7 /* ImageViewController.h */,
				E454CDC81D4C3930007587B7 /* ImageViewController.m */,
				E454CDC21D4C26AB007587B7 /* Flickr Fetcher */,
				E485E7AC1D477803000F7052 /* AppDelegate.h */,
				E485E7AD1D477803000F7052 /* AppDelegate.m */,
				E454CDCA1D4C8738007587B7 /* FlickrSplitViewController.h */,
				E454CDCB1D4C8738007587B7 /* FlickrSplitViewController.m */,
				E485E7AF1D477803000F7052 /* ViewController.h */,
				E485E7B01D477803000F7052 /* ViewController.m */,
				E485E7C01D4778EE000F7052 /* FlickrPhotosTVC.h */,
				E485E7C11D4778EE000F7052 /* FlickrPhotosTVC.m */,
				E485E7C31D4779E8000F7052 /* JustPostedFlickrPhotosTVC.h */,
				E485E7C41D4779E8000F7052 /* JustPostedFlickrPhotosTVC.m */,
				E485E7B21D477803000F7052 /* Main.storyboard */,
				E485E7B51D477803000F7052 /* Assets.xcassets */,
				E485E7B71D477803000F7052 /* LaunchScreen.storyboard */,
				E485E7BA1D477803000F7052 /* Info.plist */,
				E485E7A91D477803000F7052 /* Supporting Files */,
			);
			path = Shutterbug;
			sourceTree = "<group>";
		};
		E485E7A91D477803000F7052 /* Supporting Files */ = {
			isa = PBXGroup;
			children = (
				E485E7AA1D477803000F7052 /* main.m */,
			);
			name = "Supporting Files";
			sourceTree = "<group>";
		};
/* End PBXGroup section */

/* Begin PBXNativeTarget section */
		E485E7A51D477803000F7052 /* Shutterbug */ = {
			isa = PBXNativeTarget;
			buildConfigurationList = E485E7BD1D477803000F7052 /* Build configuration list for PBXNativeTarget "Shutterbug" */;
			buildPhases = (
				E485E7A21D477803000F7052 /* Sources */,
				E485E7A31D477803000F7052 /* Frameworks */,
				E485E7A41D477803000F7052 /* Resources */,
			);
			buildRules = (
			);
			dependencies = (
			);
			name = Shutterbug;
			productName = Shutterbug;
			productReference = E485E7A61D477803000F7052 /* Shutterbug.app */;
			productType = "com.apple.product-type.application";
		};
/* End PBXNativeTarget section */

/* Begin PBXProject section */
		E485E79E1D477803000F7052 /* Project object */ = {
			isa = PBXProject;
			attributes = {
				LastUpgradeCheck = 0730;
				ORGANIZATIONNAME = "Gao Song";
				TargetAttributes = {
					E485E7A51D477803000F7052 = {
						CreatedOnToolsVersion = 7.3.1;
						DevelopmentTeam = V92DD33KJH;
					};
				};
			};
			buildConfigurationList = E485E7A11D477803000F7052 /* Build configuration list for PBXProject "Shutterbug" */;
			compatibilityVersion = "Xcode 3.2";
			developmentRegion = English;
			hasScannedForEncodings = 0;
			knownRegions = (
				en,
				Base,
			);
			mainGroup = E485E79D1D477802000F7052;
			productRefGroup = E485E7A71D477803000F7052 /* Products */;
			projectDirPath = "";
			projectRoot = "";
			targets = (
				E485E7A51D477803000F7052 /* Shutterbug */,
			);
		};
/* End PBXProject section */

/* Begin PBXResourcesBuildPhase section */
		E485E7A41D477803000F7052 /* Resources */ = {
			isa = PBXResourcesBuildPhase;
			buildActionMask = 2147483647;
			files = (
				E485E7B91D477803000F7052 /* LaunchScreen.storyboard in Resources */,
				E485E7B61D477803000F7052 /* Assets.xcassets in Resources */,
				E485E7B41D477803000F7052 /* Main.storyboard in Resources */,
			);
			runOnlyForDeploymentPostprocessing = 0;
		};
/* End PBXResourcesBuildPhase section */

/* Begin PBXSourcesBuildPhase section */
		E485E7A21D477803000F7052 /* Sources */ = {
			isa = PBXSourcesBuildPhase;
			buildActionMask = 2147483647;
			files = (
				E485E7C51D4779E8000F7052 /* JustPostedFlickrPhotosTVC.m in Sources */,
				E485E7B11D477803000F7052 /* ViewController.m in Sources */,
				E485E7C21D4778EE000F7052 /* FlickrPhotosTVC.m in Sources */,
				E485E7AE1D477803000F7052 /* AppDelegate.m in Sources */,
				E454CDCC1D4C8738007587B7 /* FlickrSplitViewController.m in Sources */,
				E454CDC61D4C26AB007587B7 /* FlickrFetcher.m in Sources */,
				E454CDC91D4C3930007587B7 /* ImageViewController.m in Sources */,
				E485E7AB1D477803000F7052 /* main.m in Sources */,
			);
			runOnlyForDeploymentPostprocessing = 0;
		};
/* End PBXSourcesBuildPhase section */

/* Begin PBXVariantGroup section */
		E485E7B21D477803000F7052 /* Main.storyboard */ = {
			isa = PBXVariantGroup;
			children = (
				E485E7B31D477803000F7052 /* Base */,
			);
			name = Main.storyboard;
			sourceTree = "<group>";
		};
		E485E7B71D477803000F7052 /* LaunchScreen.storyboard */ = {
			isa = PBXVariantGroup;
			children = (
				E485E7B81D477803000F7052 /* Base */,
			);
			name = LaunchScreen.storyboard;
			sourceTree = "<group>";
		};
/* End PBXVariantGroup section */

/* Begin XCBuildConfiguration section */
		E485E7BB1D477803000F7052 /* Debug */ = {
			isa = XCBuildConfiguration;
			buildSettings = {
				ALWAYS_SEARCH_USER_PATHS = NO;
				CLANG_ANALYZER_NONNULL = YES;
				CLANG_CXX_LANGUAGE_STANDARD = "gnu++0x";
				CLANG_CXX_LIBRARY = "libc++";
				CLANG_ENABLE_MODULES = YES;
				CLANG_ENABLE_OBJC_ARC = YES;
				CLANG_WARN_BOOL_CONVERSION = YES;
				CLANG_WARN_CONSTANT_CONVERSION = YES;
				CLANG_WARN_DIRECT_OBJC_ISA_USAGE = YES_ERROR;
				CLANG_WARN_EMPTY_BODY = YES;
				CLANG_WARN_ENUM_CONVERSION = YES;
				CLANG_WARN_INT_CONVERSION = YES;
				CLANG_WARN_OBJC_ROOT_CLASS = YES_ERROR;
				CLANG_WARN_UNREACHABLE_CODE = YES;
				CLANG_WARN__DUPLICATE_METHOD_MATCH = YES;
				"CODE_SIGN_IDENTITY[sdk=iphoneos*]" = "iPhone Developer";
				COPY_PHASE_STRIP = NO;
				DEBUG_INFORMATION_FORMAT = dwarf;
				ENABLE_STRICT_OBJC_MSGSEND = YES;
				ENABLE_TESTABILITY = YES;
				GCC_C_LANGUAGE_STANDARD = gnu99;
				GCC_DYNAMIC_NO_PIC = NO;
				GCC_NO_COMMON_BLOCKS = YES;
				GCC_OPTIMIZATION_LEVEL = 0;
				GCC_PREPROCESSOR_DEFINITIONS = (
					"DEBUG=1",
					"$(inherited)",
				);
				GCC_WARN_64_TO_32_BIT_CONVERSION = YES;
				GCC_WARN_ABOUT_RETURN_TYPE = YES_ERROR;
				GCC_WARN_UNDECLARED_SELECTOR = YES;
				GCC_WARN_UNINITIALIZED_AUTOS = YES_AGGRESSIVE;
				GCC_WARN_UNUSED_FUNCTION = YES;
				GCC_WARN_UNUSED_VARIABLE = YES;
				IPHONEOS_DEPLOYMENT_TARGET = 9.3;
				MTL_ENABLE_DEBUG_INFO = YES;
				ONLY_ACTIVE_ARCH = YES;
				SDKROOT = iphoneos;
				TARGETED_DEVICE_FAMILY = "1,2";
			};
			name = Debug;
		};
		E485E7BC1D477803000F7052 /* Release */ = {
			isa = XCBuildConfiguration;
			buildSettings = {
				ALWAYS_SEARCH_USER_PATHS = NO;
				CLANG_ANALYZER_NONNULL = YES;
				CLANG_CXX_LANGUAGE_STANDARD = "gnu++0x";
				CLANG_CXX_LIBRARY = "libc++";
				CLANG_ENABLE_MODULES = YES;
				CLANG_ENABLE_OBJC_ARC = YES;
				CLANG_WARN_BOOL_CONVERSION = YES;
				CLANG_WARN_CONSTANT_CONVERSION = YES;
				CLANG_WARN_DIRECT_OBJC_ISA_USAGE = YES_ERROR;
				CLANG_WARN_EMPTY_BODY = YES;
				CLANG_WARN_ENUM_CONVERSION = YES;
				CLANG_WARN_INT_CONVERSION = YES;
				CLANG_WARN_OBJC_ROOT_CLASS = YES_ERROR;
				CLANG_WARN_UNREACHABLE_CODE = YES;
				CLANG_WARN__DUPLICATE_METHOD_MATCH = YES;
				"CODE_SIGN_IDENTITY[sdk=iphoneos*]" = "iPhone Developer";
				COPY_PHASE_STRIP = NO;
				DEBUG_INFORMATION_FORMAT = "dwarf-with-dsym";
				ENABLE_NS_ASSERTIONS = NO;
				ENABLE_STRICT_OBJC_MSGSEND = YES;
				GCC_C_LANGUAGE_STANDARD = gnu99;
				GCC_NO_COMMON_BLOCKS = YES;
				GCC_WARN_64_TO_32_BIT_CONVERSION = YES;
				GCC_WARN_ABOUT_RETURN_TYPE = YES_ERROR;
				GCC_WARN_UNDECLARED_SELECTOR = YES;
				GCC_WARN_UNINITIALIZED_AUTOS = YES_AGGRESSIVE;
				GCC_WARN_UNUSED_FUNCTION = YES;
				GCC_WARN_UNUSED_VARIABLE = YES;
				IPHONEOS_DEPLOYMENT_TARGET = 9.3;
				MTL_ENABLE_DEBUG_INFO = NO;
				SDKROOT = iphoneos;
				TARGETED_DEVICE_FAMILY = "1,2";
				VALIDATE_PRODUCT = YES;
			};
			name = Release;
		};
		E485E7BE1D477803000F7052 /* Debug */ = {
			isa = XCBuildConfiguration;
			buildSettings = {
				ASSETCATALOG_COMPILER_APPICON_NAME = AppIcon;
				CODE_SIGN_IDENTITY = "iPhone Developer";
				"CODE_SIGN_IDENTITY[sdk=iphoneos*]" = "iPhone Developer";
				INFOPLIST_FILE = Shutterbug/Info.plist;
				IPHONEOS_DEPLOYMENT_TARGET = 7.0;
				LD_RUNPATH_SEARCH_PATHS = "$(inherited) @executable_path/Frameworks";
				PRODUCT_BUNDLE_IDENTIFIER = www.song.Shutterbug;
				PRODUCT_NAME = "$(TARGET_NAME)";
				PROVISIONING_PROFILE = "";
				TARGETED_DEVICE_FAMILY = "1,2";
			};
			name = Debug;
		};
		E485E7BF1D477803000F7052 /* Release */ = {
			isa = XCBuildConfiguration;
			buildSettings = {
				ASSETCATALOG_COMPILER_APPICON_NAME = AppIcon;
				CODE_SIGN_IDENTITY = "iPhone Developer";
				"CODE_SIGN_IDENTITY[sdk=iphoneos*]" = "iPhone Developer";
				INFOPLIST_FILE = Shutterbug/Info.plist;
				IPHONEOS_DEPLOYMENT_TARGET = 7.0;
				LD_RUNPATH_SEARCH_PATHS = "$(inherited) @executable_path/Frameworks";
				PRODUCT_BUNDLE_IDENTIFIER = www.song.Shutterbug;
				PRODUCT_NAME = "$(TARGET_NAME)";
				PROVISIONING_PROFILE = "";
				TARGETED_DEVICE_FAMILY = "1,2";
			};
			name = Release;
		};
/* End XCBuildConfiguration section */

/* Begin XCConfigurationList section */
		E485E7A11D477803000F7052 /* Build configuration list for PBXProject "Shutterbug" */ = {
			isa = XCConfigurationList;
			buildConfigurations = (
				E485E7BB1D477803000F7052 /* Debug */,
				E485E7BC1D477803000F7052 /* Release */,
			);
			defaultConfigurationIsVisible = 0;
			defaultConfigurationName = Release;
		};
		E485E7BD1D477803000F7052 /* Build configuration list for PBXNativeTarget "Shutterbug" */ = {
			isa = XCConfigurationList;
			buildConfigurations = (
				E485E7BE1D477803000F7052 /* Debug */,
				E485E7BF1D477803000F7052 /* Release */,
			);
			defaultConfigurationIsVisible = 0;
			defaultConfigurationName = Release;
		};
/* End XCConfigurationList section */
	};
	rootObject = E485E79E1D477803000F7052 /* Project object */;
}
